
Microsoft Visual Studio Solution File, Format Version 12.00
# Visual Studio Version 17
VisualStudioVersion = 17.11.35222.181
MinimumVisualStudioVersion = 10.0.40219.1
Project("{FAE04EC0-301F-11D3-BF4B-00C04F79EFBC}") = "Set_get_Successor", "Set_get_Successor\Set_get_Successor.csproj", "{72603132-F57B-461E-AAC5-39A076A818ED}"
EndProject
Global
	GlobalSection(SolutionConfigurationPlatforms) = preSolution
		Debug|Any CPU = Debug|Any CPU
		Release|Any CPU = Release|Any CPU
	EndGlobalSection
	GlobalSection(ProjectConfigurationPlatforms) = postSolution
		{72603132-F57B-461E-AAC5-39A076A818ED}.Debug|Any CPU.ActiveCfg = Debug|Any CPU
		{72603132-F57B-461E-AAC5-39A076A818ED}.Debug|Any CPU.Build.0 = Debug|Any CPU
		{72603132-F57B-461E-AAC5-39A076A818ED}.Release|Any CPU.ActiveCfg = Release|Any CPU
		{72603132-F57B-461E-AAC5-39A076A818ED}.Release|Any CPU.Build.0 = Release|Any CPU
	EndGlobalSection
	GlobalSection(SolutionProperties) = preSolution
		HideSolutionNode = FALSE
	EndGlobalSection
	GlobalSection(ExtensibilityGlobals) = postSolution
		SolutionGuid = {C53D4534-919E-4FB1-935A-987D1D6485D7}
	EndGlobalSection
EndGlobal
