
Microsoft Visual Studio Solution File, Format Version 12.00
# Visual Studio Version 17
VisualStudioVersion = 17.11.35222.181
MinimumVisualStudioVersion = 10.0.40219.1
Project("{FAE04EC0-301F-11D3-BF4B-00C04F79EFBC}") = "DataType_Conversion", "DataType_Conversion\DataType_Conversion.csproj", "{5507F571-FCB7-46F6-8010-1B11CEF6E661}"
EndProject
Global
	GlobalSection(SolutionConfigurationPlatforms) = preSolution
		Debug|Any CPU = Debug|Any CPU
		Release|Any CPU = Release|Any CPU
	EndGlobalSection
	GlobalSection(ProjectConfigurationPlatforms) = postSolution
		{5507F571-FCB7-46F6-8010-1B11CEF6E661}.Debug|Any CPU.ActiveCfg = Debug|Any CPU
		{5507F571-FCB7-46F6-8010-1B11CEF6E661}.Debug|Any CPU.Build.0 = Debug|Any CPU
		{5507F571-FCB7-46F6-8010-1B11CEF6E661}.Release|Any CPU.ActiveCfg = Release|Any CPU
		{5507F571-FCB7-46F6-8010-1B11CEF6E661}.Release|Any CPU.Build.0 = Release|Any CPU
	EndGlobalSection
	GlobalSection(SolutionProperties) = preSolution
		HideSolutionNode = FALSE
	EndGlobalSection
	GlobalSection(ExtensibilityGlobals) = postSolution
		SolutionGuid = {53DBFBB0-C628-45FE-8104-F43E0DBC751A}
	EndGlobalSection
EndGlobal
