
Microsoft Visual Studio Solution File, Format Version 12.00
# Visual Studio Version 17
VisualStudioVersion = 17.11.35222.181
MinimumVisualStudioVersion = 10.0.40219.1
Project("{FAE04EC0-301F-11D3-BF4B-00C04F79EFBC}") = "Delegates_Examples_four", "Delegates_Examples_four\Delegates_Examples_four.csproj", "{50F724E1-BCB0-4C54-B957-B5035DCF687D}"
EndProject
Global
	GlobalSection(SolutionConfigurationPlatforms) = preSolution
		Debug|Any CPU = Debug|Any CPU
		Release|Any CPU = Release|Any CPU
	EndGlobalSection
	GlobalSection(ProjectConfigurationPlatforms) = postSolution
		{50F724E1-BCB0-4C54-B957-B5035DCF687D}.Debug|Any CPU.ActiveCfg = Debug|Any CPU
		{50F724E1-BCB0-4C54-B957-B5035DCF687D}.Debug|Any CPU.Build.0 = Debug|Any CPU
		{50F724E1-BCB0-4C54-B957-B5035DCF687D}.Release|Any CPU.ActiveCfg = Release|Any CPU
		{50F724E1-BCB0-4C54-B957-B5035DCF687D}.Release|Any CPU.Build.0 = Release|Any CPU
	EndGlobalSection
	GlobalSection(SolutionProperties) = preSolution
		HideSolutionNode = FALSE
	EndGlobalSection
	GlobalSection(ExtensibilityGlobals) = postSolution
		SolutionGuid = {78CDAABB-A41B-44ED-BADB-D05DD7E8A0DD}
	EndGlobalSection
EndGlobal
