
Microsoft Visual Studio Solution File, Format Version 12.00
# Visual Studio Version 17
VisualStudioVersion = 17.11.35222.181
MinimumVisualStudioVersion = 10.0.40219.1
Project("{FAE04EC0-301F-11D3-BF4B-00C04F79EFBC}") = "Enums_Part_two", "Enums_Part_two\Enums_Part_two.csproj", "{5839FFFD-69DB-4439-9F4B-513BBDC1C07D}"
EndProject
Global
	GlobalSection(SolutionConfigurationPlatforms) = preSolution
		Debug|Any CPU = Debug|Any CPU
		Release|Any CPU = Release|Any CPU
	EndGlobalSection
	GlobalSection(ProjectConfigurationPlatforms) = postSolution
		{5839FFFD-69DB-4439-9F4B-513BBDC1C07D}.Debug|Any CPU.ActiveCfg = Debug|Any CPU
		{5839FFFD-69DB-4439-9F4B-513BBDC1C07D}.Debug|Any CPU.Build.0 = Debug|Any CPU
		{5839FFFD-69DB-4439-9F4B-513BBDC1C07D}.Release|Any CPU.ActiveCfg = Release|Any CPU
		{5839FFFD-69DB-4439-9F4B-513BBDC1C07D}.Release|Any CPU.Build.0 = Release|Any CPU
	EndGlobalSection
	GlobalSection(SolutionProperties) = preSolution
		HideSolutionNode = FALSE
	EndGlobalSection
	GlobalSection(ExtensibilityGlobals) = postSolution
		SolutionGuid = {6488C15F-5E0F-47FA-93AB-126A3DA18887}
	EndGlobalSection
EndGlobal
