
Microsoft Visual Studio Solution File, Format Version 12.00
# Visual Studio Version 17
VisualStudioVersion = 17.11.35222.181
MinimumVisualStudioVersion = 10.0.40219.1
Project("{FAE04EC0-301F-11D3-BF4B-00C04F79EFBC}") = "Switch", "Switch\Switch.csproj", "{B07D934B-3100-48D0-B377-CEAC6B20858D}"
EndProject
Global
	GlobalSection(SolutionConfigurationPlatforms) = preSolution
		Debug|Any CPU = Debug|Any CPU
		Release|Any CPU = Release|Any CPU
	EndGlobalSection
	GlobalSection(ProjectConfigurationPlatforms) = postSolution
		{B07D934B-3100-48D0-B377-CEAC6B20858D}.Debug|Any CPU.ActiveCfg = Debug|Any CPU
		{B07D934B-3100-48D0-B377-CEAC6B20858D}.Debug|Any CPU.Build.0 = Debug|Any CPU
		{B07D934B-3100-48D0-B377-CEAC6B20858D}.Release|Any CPU.ActiveCfg = Release|Any CPU
		{B07D934B-3100-48D0-B377-CEAC6B20858D}.Release|Any CPU.Build.0 = Release|Any CPU
	EndGlobalSection
	GlobalSection(SolutionProperties) = preSolution
		HideSolutionNode = FALSE
	EndGlobalSection
	GlobalSection(ExtensibilityGlobals) = postSolution
		SolutionGuid = {B69C19A4-8730-4087-8844-108EC60A5219}
	EndGlobalSection
EndGlobal
