
Microsoft Visual Studio Solution File, Format Version 12.00
# Visual Studio Version 17
VisualStudioVersion = 17.11.35222.181
MinimumVisualStudioVersion = 10.0.40219.1
Project("{FAE04EC0-301F-11D3-BF4B-00C04F79EFBC}") = "Interface", "Interface\Interface.csproj", "{5ED466ED-F16C-4FF9-B538-4E7B15A3FA1C}"
EndProject
Global
	GlobalSection(SolutionConfigurationPlatforms) = preSolution
		Debug|Any CPU = Debug|Any CPU
		Release|Any CPU = Release|Any CPU
	EndGlobalSection
	GlobalSection(ProjectConfigurationPlatforms) = postSolution
		{5ED466ED-F16C-4FF9-B538-4E7B15A3FA1C}.Debug|Any CPU.ActiveCfg = Debug|Any CPU
		{5ED466ED-F16C-4FF9-B538-4E7B15A3FA1C}.Debug|Any CPU.Build.0 = Debug|Any CPU
		{5ED466ED-F16C-4FF9-B538-4E7B15A3FA1C}.Release|Any CPU.ActiveCfg = Release|Any CPU
		{5ED466ED-F16C-4FF9-B538-4E7B15A3FA1C}.Release|Any CPU.Build.0 = Release|Any CPU
	EndGlobalSection
	GlobalSection(SolutionProperties) = preSolution
		HideSolutionNode = FALSE
	EndGlobalSection
	GlobalSection(ExtensibilityGlobals) = postSolution
		SolutionGuid = {A56B45E9-9436-4736-9649-8696C338E4AA}
	EndGlobalSection
EndGlobal
