
Microsoft Visual Studio Solution File, Format Version 12.00
# Visual Studio Version 17
VisualStudioVersion = 17.11.35222.181
MinimumVisualStudioVersion = 10.0.40219.1
Project("{FAE04EC0-301F-11D3-BF4B-00C04F79EFBC}") = "Operators", "Operators\Operators.csproj", "{CAE735C7-3A30-441B-852D-2F14AC2BB84C}"
EndProject
Global
	GlobalSection(SolutionConfigurationPlatforms) = preSolution
		Debug|Any CPU = Debug|Any CPU
		Release|Any CPU = Release|Any CPU
	EndGlobalSection
	GlobalSection(ProjectConfigurationPlatforms) = postSolution
		{CAE735C7-3A30-441B-852D-2F14AC2BB84C}.Debug|Any CPU.ActiveCfg = Debug|Any CPU
		{CAE735C7-3A30-441B-852D-2F14AC2BB84C}.Debug|Any CPU.Build.0 = Debug|Any CPU
		{CAE735C7-3A30-441B-852D-2F14AC2BB84C}.Release|Any CPU.ActiveCfg = Release|Any CPU
		{CAE735C7-3A30-441B-852D-2F14AC2BB84C}.Release|Any CPU.Build.0 = Release|Any CPU
	EndGlobalSection
	GlobalSection(SolutionProperties) = preSolution
		HideSolutionNode = FALSE
	EndGlobalSection
	GlobalSection(ExtensibilityGlobals) = postSolution
		SolutionGuid = {A63DAAB0-C244-4ED0-8BBA-4CDE96D3492E}
	EndGlobalSection
EndGlobal
