
Microsoft Visual Studio Solution File, Format Version 12.00
# Visual Studio Version 17
VisualStudioVersion = 17.11.35222.181
MinimumVisualStudioVersion = 10.0.40219.1
Project("{FAE04EC0-301F-11D3-BF4B-00C04F79EFBC}") = "Part_69", "Part_69\Part_69.csproj", "{342581C7-AC32-4D50-B422-627251B2E54A}"
EndProject
Global
	GlobalSection(SolutionConfigurationPlatforms) = preSolution
		Debug|Any CPU = Debug|Any CPU
		Release|Any CPU = Release|Any CPU
	EndGlobalSection
	GlobalSection(ProjectConfigurationPlatforms) = postSolution
		{342581C7-AC32-4D50-B422-627251B2E54A}.Debug|Any CPU.ActiveCfg = Debug|Any CPU
		{342581C7-AC32-4D50-B422-627251B2E54A}.Debug|Any CPU.Build.0 = Debug|Any CPU
		{342581C7-AC32-4D50-B422-627251B2E54A}.Release|Any CPU.ActiveCfg = Release|Any CPU
		{342581C7-AC32-4D50-B422-627251B2E54A}.Release|Any CPU.Build.0 = Release|Any CPU
	EndGlobalSection
	GlobalSection(SolutionProperties) = preSolution
		HideSolutionNode = FALSE
	EndGlobalSection
	GlobalSection(ExtensibilityGlobals) = postSolution
		SolutionGuid = {06F89A6A-3298-4CBD-9D6E-E300C93CBD0E}
	EndGlobalSection
EndGlobal
