
Microsoft Visual Studio Solution File, Format Version 12.00
# Visual Studio Version 17
VisualStudioVersion = 17.11.35222.181
MinimumVisualStudioVersion = 10.0.40219.1
Project("{FAE04EC0-301F-11D3-BF4B-00C04F79EFBC}") = "Enums_Part_One", "Enums_Part_One\Enums_Part_One.csproj", "{4BA092E6-A6F7-4178-B24A-7DDDC2ECB875}"
EndProject
Global
	GlobalSection(SolutionConfigurationPlatforms) = preSolution
		Debug|Any CPU = Debug|Any CPU
		Release|Any CPU = Release|Any CPU
	EndGlobalSection
	GlobalSection(ProjectConfigurationPlatforms) = postSolution
		{4BA092E6-A6F7-4178-B24A-7DDDC2ECB875}.Debug|Any CPU.ActiveCfg = Debug|Any CPU
		{4BA092E6-A6F7-4178-B24A-7DDDC2ECB875}.Debug|Any CPU.Build.0 = Debug|Any CPU
		{4BA092E6-A6F7-4178-B24A-7DDDC2ECB875}.Release|Any CPU.ActiveCfg = Release|Any CPU
		{4BA092E6-A6F7-4178-B24A-7DDDC2ECB875}.Release|Any CPU.Build.0 = Release|Any CPU
	EndGlobalSection
	GlobalSection(SolutionProperties) = preSolution
		HideSolutionNode = FALSE
	EndGlobalSection
	GlobalSection(ExtensibilityGlobals) = postSolution
		SolutionGuid = {0B2BB88A-7D22-4116-8926-0E5DF76DB8C8}
	EndGlobalSection
EndGlobal
